
Microsoft Visual Studio Solution File, Format Version 11.00
# Visual Studio 2010
Project("{2150E333-8FDC-42A3-9474-1A3956D46DE8}") = "Documentation", "Documentation", "{EBF364F1-B5AA-4EAC-B36C-720204AA9EB1}"
	ProjectSection(SolutionItems) = preProject
		LICENSE.md = LICENSE.md
		README.md = README.md
	EndProjectSection
EndProject
Project("{2150E333-8FDC-42A3-9474-1A3956D46DE8}") = "Windows", "Windows", "{A6C51F11-A6CF-4433-94EA-BD77F030C8EF}"
EndProject
Project("{FAE04EC0-301F-11D3-BF4B-00C04F79EFBC}") = "Ed.Stateful.MonoGame.Windows", "src\Ed.Stateful.MonoGame.Windows.csproj", "{6B825EA1-0AEA-4329-948A-0E67FCFE5330}"
EndProject
Global
	GlobalSection(SolutionConfigurationPlatforms) = preSolution
		Debug|Any CPU = Debug|Any CPU
		Release|Any CPU = Release|Any CPU
	EndGlobalSection
	GlobalSection(ProjectConfigurationPlatforms) = postSolution
		{6B825EA1-0AEA-4329-948A-0E67FCFE5330}.Debug|Any CPU.ActiveCfg = Debug|Any CPU
		{6B825EA1-0AEA-4329-948A-0E67FCFE5330}.Debug|Any CPU.Build.0 = Debug|Any CPU
		{6B825EA1-0AEA-4329-948A-0E67FCFE5330}.Release|Any CPU.ActiveCfg = Release|Any CPU
		{6B825EA1-0AEA-4329-948A-0E67FCFE5330}.Release|Any CPU.Build.0 = Release|Any CPU
	EndGlobalSection
	GlobalSection(SolutionProperties) = preSolution
		HideSolutionNode = FALSE
	EndGlobalSection
	GlobalSection(NestedProjects) = preSolution
		{6B825EA1-0AEA-4329-948A-0E67FCFE5330} = {A6C51F11-A6CF-4433-94EA-BD77F030C8EF}
	EndGlobalSection
EndGlobal
